// !$*UTF8*$!
{
	archiveVersion = 1;
	classes = {
	};
	objectVersion = 55;
	objects = {

/* Begin PBXBuildFile section */
		D55A7AE32769E06200D06E03 /* LogoHeadlineView.swift in Sources */ = {isa = PBXBuildFile; fileRef = D55A7AE22769E06200D06E03 /* LogoHeadlineView.swift */; };
		D55A7AE52769E1D800D06E03 /* BottomTextView.swift in Sources */ = {isa = PBXBuildFile; fileRef = D55A7AE42769E1D800D06E03 /* BottomTextView.swift */; };
		D55A7AE8276A01CE00D06E03 /* SignUpPasswordView.swift in Sources */ = {isa = PBXBuildFile; fileRef = D55A7AE7276A01CE00D06E03 /* SignUpPasswordView.swift */; };
		D5AE63D7278EF52E005E4294 /* MainPageView.swift in Sources */ = {isa = PBXBuildFile; fileRef = D5AE63D6278EF52E005E4294 /* MainPageView.swift */; };
		D5AE63DE278F5C8D005E4294 /* RidesView.swift in Sources */ = {isa = PBXBuildFile; fileRef = D5AE63DD278F5C8C005E4294 /* RidesView.swift */; };
		D5B1778C2796B1C700FF9E93 /* ProfileIconView.swift in Sources */ = {isa = PBXBuildFile; fileRef = D5B1778B2796B1C700FF9E93 /* ProfileIconView.swift */; };
		D5B177912796C9C700FF9E93 /* RideDetailsView.swift in Sources */ = {isa = PBXBuildFile; fileRef = D5B177902796C9C700FF9E93 /* RideDetailsView.swift */; };
		D5C008F52780F5AC00E74EA2 /* ConfirmEmailView.swift in Sources */ = {isa = PBXBuildFile; fileRef = D5C008F42780F5AC00E74EA2 /* ConfirmEmailView.swift */; };
		D5C008F727847FB300E74EA2 /* SignInPasswordView.swift in Sources */ = {isa = PBXBuildFile; fileRef = D5C008F627847FB300E74EA2 /* SignInPasswordView.swift */; };
		D5C008F9278499AA00E74EA2 /* ForgotPasswordView.swift in Sources */ = {isa = PBXBuildFile; fileRef = D5C008F8278499AA00E74EA2 /* ForgotPasswordView.swift */; };
		D5C008FB27858F9D00E74EA2 /* ResetPasswordView.swift in Sources */ = {isa = PBXBuildFile; fileRef = D5C008FA27858F9D00E74EA2 /* ResetPasswordView.swift */; };
		D5C008FD2785E11400E74EA2 /* ForgotPasswordCodeView.swift in Sources */ = {isa = PBXBuildFile; fileRef = D5C008FC2785E11400E74EA2 /* ForgotPasswordCodeView.swift */; };
		D5C0ADA4279030CA007AC1EE /* TabBarView.swift in Sources */ = {isa = PBXBuildFile; fileRef = D5C0ADA3279030CA007AC1EE /* TabBarView.swift */; };
		D5C0ADA627907A8A007AC1EE /* Plan_Route in Resources */ = {isa = PBXBuildFile; fileRef = D5C0ADA527907A8A007AC1EE /* Plan_Route */; };
		D5C0ADA82791BE1A007AC1EE /* CircleWithHelmetView.swift in Sources */ = {isa = PBXBuildFile; fileRef = D5C0ADA72791BE1A007AC1EE /* CircleWithHelmetView.swift */; };
		D5C0ADAA2791CAFA007AC1EE /* TabTopView.swift in Sources */ = {isa = PBXBuildFile; fileRef = D5C0ADA92791CAFA007AC1EE /* TabTopView.swift */; };
		D5C0ADAE27922AFF007AC1EE /* RidesData.swift in Sources */ = {isa = PBXBuildFile; fileRef = D5C0ADAD27922AFF007AC1EE /* RidesData.swift */; };
		D5C0ADB027922B29007AC1EE /* RidesModel.swift in Sources */ = {isa = PBXBuildFile; fileRef = D5C0ADAF27922B29007AC1EE /* RidesModel.swift */; };
		D5C0ADB22792305C007AC1EE /* RidesCardView.swift in Sources */ = {isa = PBXBuildFile; fileRef = D5C0ADB12792305C007AC1EE /* RidesCardView.swift */; };
		D5C495B527689C87002DC90F /* Aegis_NewViewsApp.swift in Sources */ = {isa = PBXBuildFile; fileRef = D5C495B427689C87002DC90F /* Aegis_NewViewsApp.swift */; };
		D5C495B727689C87002DC90F /* ContentView.swift in Sources */ = {isa = PBXBuildFile; fileRef = D5C495B627689C87002DC90F /* ContentView.swift */; };
		D5C495B927689C89002DC90F /* Assets.xcassets in Resources */ = {isa = PBXBuildFile; fileRef = D5C495B827689C89002DC90F /* Assets.xcassets */; };
		D5C495BC27689C89002DC90F /* Preview Assets.xcassets in Resources */ = {isa = PBXBuildFile; fileRef = D5C495BB27689C89002DC90F /* Preview Assets.xcassets */; };
		D5C495BE27689C89002DC90F /* Persistence.swift in Sources */ = {isa = PBXBuildFile; fileRef = D5C495BD27689C89002DC90F /* Persistence.swift */; };
		D5C495C127689C89002DC90F /* Aegis_NewViews.xcdatamodeld in Sources */ = {isa = PBXBuildFile; fileRef = D5C495BF27689C89002DC90F /* Aegis_NewViews.xcdatamodeld */; };
		D5C495CB27689C89002DC90F /* Aegis_NewViewsTests.swift in Sources */ = {isa = PBXBuildFile; fileRef = D5C495CA27689C89002DC90F /* Aegis_NewViewsTests.swift */; };
		D5C495D527689C89002DC90F /* Aegis_NewViewsUITests.swift in Sources */ = {isa = PBXBuildFile; fileRef = D5C495D427689C89002DC90F /* Aegis_NewViewsUITests.swift */; };
		D5C495D727689C89002DC90F /* Aegis_NewViewsUITestsLaunchTests.swift in Sources */ = {isa = PBXBuildFile; fileRef = D5C495D627689C89002DC90F /* Aegis_NewViewsUITestsLaunchTests.swift */; };
		D5C495E527689D3F002DC90F /* SignUpEmailView.swift in Sources */ = {isa = PBXBuildFile; fileRef = D5C495E427689D3F002DC90F /* SignUpEmailView.swift */; };
		D5C495E72768ECF6002DC90F /* DividerView.swift in Sources */ = {isa = PBXBuildFile; fileRef = D5C495E62768ECF5002DC90F /* DividerView.swift */; };
		D5C495EA2768FC7A002DC90F /* TextFieldComponent.swift in Sources */ = {isa = PBXBuildFile; fileRef = D5C495E92768FC7A002DC90F /* TextFieldComponent.swift */; };
		D5E02C6527947D6E00E19402 /* SearchButtonView.swift in Sources */ = {isa = PBXBuildFile; fileRef = D5E02C6427947D6E00E19402 /* SearchButtonView.swift */; };
		D5E02C722795E46E00E19402 /* poppins-family in Resources */ = {isa = PBXBuildFile; fileRef = D5E02C712795E46E00E19402 /* poppins-family */; };
/* End PBXBuildFile section */

/* Begin PBXContainerItemProxy section */
		D5C495C727689C89002DC90F /* PBXContainerItemProxy */ = {
			isa = PBXContainerItemProxy;
			containerPortal = D5C495A927689C87002DC90F /* Project object */;
			proxyType = 1;
			remoteGlobalIDString = D5C495B027689C87002DC90F;
			remoteInfo = "Aegis-NewViews";
		};
		D5C495D127689C89002DC90F /* PBXContainerItemProxy */ = {
			isa = PBXContainerItemProxy;
			containerPortal = D5C495A927689C87002DC90F /* Project object */;
			proxyType = 1;
			remoteGlobalIDString = D5C495B027689C87002DC90F;
			remoteInfo = "Aegis-NewViews";
		};
/* End PBXContainerItemProxy section */

/* Begin PBXFileReference section */
		D55A7AE22769E06200D06E03 /* LogoHeadlineView.swift */ = {isa = PBXFileReference; lastKnownFileType = sourcecode.swift; path = LogoHeadlineView.swift; sourceTree = "<group>"; };
		D55A7AE42769E1D800D06E03 /* BottomTextView.swift */ = {isa = PBXFileReference; lastKnownFileType = sourcecode.swift; path = BottomTextView.swift; sourceTree = "<group>"; };
		D55A7AE62769F7B100D06E03 /* Info.plist */ = {isa = PBXFileReference; lastKnownFileType = text.plist; path = Info.plist; sourceTree = "<group>"; };
		D55A7AE7276A01CE00D06E03 /* SignUpPasswordView.swift */ = {isa = PBXFileReference; lastKnownFileType = sourcecode.swift; path = SignUpPasswordView.swift; sourceTree = "<group>"; };
		D5AE63D6278EF52E005E4294 /* MainPageView.swift */ = {isa = PBXFileReference; lastKnownFileType = sourcecode.swift; path = MainPageView.swift; sourceTree = "<group>"; };
		D5AE63DD278F5C8C005E4294 /* RidesView.swift */ = {isa = PBXFileReference; lastKnownFileType = sourcecode.swift; path = RidesView.swift; sourceTree = "<group>"; };
		D5B1778B2796B1C700FF9E93 /* ProfileIconView.swift */ = {isa = PBXFileReference; lastKnownFileType = sourcecode.swift; path = ProfileIconView.swift; sourceTree = "<group>"; };
		D5B177902796C9C700FF9E93 /* RideDetailsView.swift */ = {isa = PBXFileReference; lastKnownFileType = sourcecode.swift; path = RideDetailsView.swift; sourceTree = "<group>"; };
		D5C008F42780F5AC00E74EA2 /* ConfirmEmailView.swift */ = {isa = PBXFileReference; lastKnownFileType = sourcecode.swift; path = ConfirmEmailView.swift; sourceTree = "<group>"; };
		D5C008F627847FB300E74EA2 /* SignInPasswordView.swift */ = {isa = PBXFileReference; lastKnownFileType = sourcecode.swift; path = SignInPasswordView.swift; sourceTree = "<group>"; };
		D5C008F8278499AA00E74EA2 /* ForgotPasswordView.swift */ = {isa = PBXFileReference; lastKnownFileType = sourcecode.swift; path = ForgotPasswordView.swift; sourceTree = "<group>"; };
		D5C008FA27858F9D00E74EA2 /* ResetPasswordView.swift */ = {isa = PBXFileReference; lastKnownFileType = sourcecode.swift; path = ResetPasswordView.swift; sourceTree = "<group>"; };
		D5C008FC2785E11400E74EA2 /* ForgotPasswordCodeView.swift */ = {isa = PBXFileReference; lastKnownFileType = sourcecode.swift; path = ForgotPasswordCodeView.swift; sourceTree = "<group>"; };
		D5C0ADA3279030CA007AC1EE /* TabBarView.swift */ = {isa = PBXFileReference; lastKnownFileType = sourcecode.swift; path = TabBarView.swift; sourceTree = "<group>"; };
		D5C0ADA527907A8A007AC1EE /* Plan_Route */ = {isa = PBXFileReference; lastKnownFileType = folder; path = Plan_Route; sourceTree = "<group>"; };
		D5C0ADA72791BE1A007AC1EE /* CircleWithHelmetView.swift */ = {isa = PBXFileReference; lastKnownFileType = sourcecode.swift; path = CircleWithHelmetView.swift; sourceTree = "<group>"; };
		D5C0ADA92791CAFA007AC1EE /* TabTopView.swift */ = {isa = PBXFileReference; lastKnownFileType = sourcecode.swift; path = TabTopView.swift; sourceTree = "<group>"; };
		D5C0ADAD27922AFF007AC1EE /* RidesData.swift */ = {isa = PBXFileReference; lastKnownFileType = sourcecode.swift; path = RidesData.swift; sourceTree = "<group>"; };
		D5C0ADAF27922B29007AC1EE /* RidesModel.swift */ = {isa = PBXFileReference; lastKnownFileType = sourcecode.swift; path = RidesModel.swift; sourceTree = "<group>"; };
		D5C0ADB12792305C007AC1EE /* RidesCardView.swift */ = {isa = PBXFileReference; lastKnownFileType = sourcecode.swift; path = RidesCardView.swift; sourceTree = "<group>"; };
		D5C495B127689C87002DC90F /* Aegis-NewViews.app */ = {isa = PBXFileReference; explicitFileType = wrapper.application; includeInIndex = 0; path = "Aegis-NewViews.app"; sourceTree = BUILT_PRODUCTS_DIR; };
		D5C495B427689C87002DC90F /* Aegis_NewViewsApp.swift */ = {isa = PBXFileReference; lastKnownFileType = sourcecode.swift; path = Aegis_NewViewsApp.swift; sourceTree = "<group>"; };
		D5C495B627689C87002DC90F /* ContentView.swift */ = {isa = PBXFileReference; lastKnownFileType = sourcecode.swift; path = ContentView.swift; sourceTree = "<group>"; };
		D5C495B827689C89002DC90F /* Assets.xcassets */ = {isa = PBXFileReference; lastKnownFileType = folder.assetcatalog; path = Assets.xcassets; sourceTree = "<group>"; };
		D5C495BB27689C89002DC90F /* Preview Assets.xcassets */ = {isa = PBXFileReference; lastKnownFileType = folder.assetcatalog; path = "Preview Assets.xcassets"; sourceTree = "<group>"; };
		D5C495BD27689C89002DC90F /* Persistence.swift */ = {isa = PBXFileReference; lastKnownFileType = sourcecode.swift; path = Persistence.swift; sourceTree = "<group>"; };
		D5C495C027689C89002DC90F /* Aegis_NewViews.xcdatamodel */ = {isa = PBXFileReference; lastKnownFileType = wrapper.xcdatamodel; path = Aegis_NewViews.xcdatamodel; sourceTree = "<group>"; };
		D5C495C627689C89002DC90F /* Aegis-NewViewsTests.xctest */ = {isa = PBXFileReference; explicitFileType = wrapper.cfbundle; includeInIndex = 0; path = "Aegis-NewViewsTests.xctest"; sourceTree = BUILT_PRODUCTS_DIR; };
		D5C495CA27689C89002DC90F /* Aegis_NewViewsTests.swift */ = {isa = PBXFileReference; lastKnownFileType = sourcecode.swift; path = Aegis_NewViewsTests.swift; sourceTree = "<group>"; };
		D5C495D027689C89002DC90F /* Aegis-NewViewsUITests.xctest */ = {isa = PBXFileReference; explicitFileType = wrapper.cfbundle; includeInIndex = 0; path = "Aegis-NewViewsUITests.xctest"; sourceTree = BUILT_PRODUCTS_DIR; };
		D5C495D427689C89002DC90F /* Aegis_NewViewsUITests.swift */ = {isa = PBXFileReference; lastKnownFileType = sourcecode.swift; path = Aegis_NewViewsUITests.swift; sourceTree = "<group>"; };
		D5C495D627689C89002DC90F /* Aegis_NewViewsUITestsLaunchTests.swift */ = {isa = PBXFileReference; lastKnownFileType = sourcecode.swift; path = Aegis_NewViewsUITestsLaunchTests.swift; sourceTree = "<group>"; };
		D5C495E427689D3F002DC90F /* SignUpEmailView.swift */ = {isa = PBXFileReference; lastKnownFileType = sourcecode.swift; path = SignUpEmailView.swift; sourceTree = "<group>"; };
		D5C495E62768ECF5002DC90F /* DividerView.swift */ = {isa = PBXFileReference; lastKnownFileType = sourcecode.swift; path = DividerView.swift; sourceTree = "<group>"; };
		D5C495E92768FC7A002DC90F /* TextFieldComponent.swift */ = {isa = PBXFileReference; lastKnownFileType = sourcecode.swift; path = TextFieldComponent.swift; sourceTree = "<group>"; };
		D5E02C6427947D6E00E19402 /* SearchButtonView.swift */ = {isa = PBXFileReference; lastKnownFileType = sourcecode.swift; path = SearchButtonView.swift; sourceTree = "<group>"; };
		D5E02C712795E46E00E19402 /* poppins-family */ = {isa = PBXFileReference; lastKnownFileType = folder; path = "poppins-family"; sourceTree = "<group>"; };
/* End PBXFileReference section */

/* Begin PBXFrameworksBuildPhase section */
		D5C495AE27689C87002DC90F /* Frameworks */ = {
			isa = PBXFrameworksBuildPhase;
			buildActionMask = 2147483647;
			files = (
			);
			runOnlyForDeploymentPostprocessing = 0;
		};
		D5C495C327689C89002DC90F /* Frameworks */ = {
			isa = PBXFrameworksBuildPhase;
			buildActionMask = 2147483647;
			files = (
			);
			runOnlyForDeploymentPostprocessing = 0;
		};
		D5C495CD27689C89002DC90F /* Frameworks */ = {
			isa = PBXFrameworksBuildPhase;
			buildActionMask = 2147483647;
			files = (
			);
			runOnlyForDeploymentPostprocessing = 0;
		};
/* End PBXFrameworksBuildPhase section */

/* Begin PBXGroup section */
		D55A7AE9276A517900D06E03 /* CustomFonts */ = {
			isa = PBXGroup;
			children = (
				D5E02C712795E46E00E19402 /* poppins-family */,
			);
			path = CustomFonts;
			sourceTree = "<group>";
		};
		D5AE63D4278EF4DF005E4294 /* Auth */ = {
			isa = PBXGroup;
			children = (
				D5C495E427689D3F002DC90F /* SignUpEmailView.swift */,
				D5C495BD27689C89002DC90F /* Persistence.swift */,
				D55A7AE7276A01CE00D06E03 /* SignUpPasswordView.swift */,
				D5C008F42780F5AC00E74EA2 /* ConfirmEmailView.swift */,
				D5C008F627847FB300E74EA2 /* SignInPasswordView.swift */,
				D5C008F8278499AA00E74EA2 /* ForgotPasswordView.swift */,
				D5C008FA27858F9D00E74EA2 /* ResetPasswordView.swift */,
				D5C008FC2785E11400E74EA2 /* ForgotPasswordCodeView.swift */,
			);
			path = Auth;
			sourceTree = "<group>";
		};
		D5AE63D5278EF4FB005E4294 /* MainPage */ = {
			isa = PBXGroup;
			children = (
				D5AE63D6278EF52E005E4294 /* MainPageView.swift */,
				D5AE63DD278F5C8C005E4294 /* RidesView.swift */,
				D5C0ADA3279030CA007AC1EE /* TabBarView.swift */,
			);
			path = MainPage;
			sourceTree = "<group>";
		};
		D5B1778D2796B1DE00FF9E93 /* Profile */ = {
			isa = PBXGroup;
			children = (
			);
			path = Profile;
			sourceTree = "<group>";
		};
		D5C0ADAB27922AB0007AC1EE /* Model */ = {
			isa = PBXGroup;
			children = (
				D5C0ADAF27922B29007AC1EE /* RidesModel.swift */,
			);
			path = Model;
			sourceTree = "<group>";
		};
		D5C0ADAC27922AD5007AC1EE /* Data */ = {
			isa = PBXGroup;
			children = (
				D5C0ADAD27922AFF007AC1EE /* RidesData.swift */,
			);
			path = Data;
			sourceTree = "<group>";
		};
		D5C0ADB32792307C007AC1EE /* Auth */ = {
			isa = PBXGroup;
			children = (
				D5C495E62768ECF5002DC90F /* DividerView.swift */,
				D5C495E92768FC7A002DC90F /* TextFieldComponent.swift */,
				D55A7AE22769E06200D06E03 /* LogoHeadlineView.swift */,
				D55A7AE42769E1D800D06E03 /* BottomTextView.swift */,
			);
			path = Auth;
			sourceTree = "<group>";
		};
		D5C0ADB427923088007AC1EE /* MainPage */ = {
			isa = PBXGroup;
			children = (
				D5C0ADA72791BE1A007AC1EE /* CircleWithHelmetView.swift */,
				D5C0ADA92791CAFA007AC1EE /* TabTopView.swift */,
				D5C0ADB12792305C007AC1EE /* RidesCardView.swift */,
				D5E02C6427947D6E00E19402 /* SearchButtonView.swift */,
				D5B1778B2796B1C700FF9E93 /* ProfileIconView.swift */,
				D5B177902796C9C700FF9E93 /* RideDetailsView.swift */,
			);
			path = MainPage;
			sourceTree = "<group>";
		};
		D5C495A827689C87002DC90F = {
			isa = PBXGroup;
			children = (
				D5C495B327689C87002DC90F /* Aegis-NewViews */,
				D5C495C927689C89002DC90F /* Aegis-NewViewsTests */,
				D5C495D327689C89002DC90F /* Aegis-NewViewsUITests */,
				D5C495B227689C87002DC90F /* Products */,
			);
			sourceTree = "<group>";
		};
		D5C495B227689C87002DC90F /* Products */ = {
			isa = PBXGroup;
			children = (
				D5C495B127689C87002DC90F /* Aegis-NewViews.app */,
				D5C495C627689C89002DC90F /* Aegis-NewViewsTests.xctest */,
				D5C495D027689C89002DC90F /* Aegis-NewViewsUITests.xctest */,
			);
			name = Products;
			sourceTree = "<group>";
		};
		D5C495B327689C87002DC90F /* Aegis-NewViews */ = {
			isa = PBXGroup;
			children = (
				D5C0ADAC27922AD5007AC1EE /* Data */,
				D5C0ADAB27922AB0007AC1EE /* Model */,
				D55A7AE9276A517900D06E03 /* CustomFonts */,
				D55A7AE62769F7B100D06E03 /* Info.plist */,
				D5C495E82768FC3F002DC90F /* Components */,
				D5C495E327689CE1002DC90F /* AllViews */,
				D5C495B427689C87002DC90F /* Aegis_NewViewsApp.swift */,
				D5C495B627689C87002DC90F /* ContentView.swift */,
				D5C495B827689C89002DC90F /* Assets.xcassets */,
				D5C0ADA527907A8A007AC1EE /* Plan_Route */,
				D5C495BF27689C89002DC90F /* Aegis_NewViews.xcdatamodeld */,
				D5C495BA27689C89002DC90F /* Preview Content */,
			);
			path = "Aegis-NewViews";
			sourceTree = "<group>";
		};
		D5C495BA27689C89002DC90F /* Preview Content */ = {
			isa = PBXGroup;
			children = (
				D5C495BB27689C89002DC90F /* Preview Assets.xcassets */,
			);
			path = "Preview Content";
			sourceTree = "<group>";
		};
		D5C495C927689C89002DC90F /* Aegis-NewViewsTests */ = {
			isa = PBXGroup;
			children = (
				D5C495CA27689C89002DC90F /* Aegis_NewViewsTests.swift */,
			);
			path = "Aegis-NewViewsTests";
			sourceTree = "<group>";
		};
		D5C495D327689C89002DC90F /* Aegis-NewViewsUITests */ = {
			isa = PBXGroup;
			children = (
				D5C495D427689C89002DC90F /* Aegis_NewViewsUITests.swift */,
				D5C495D627689C89002DC90F /* Aegis_NewViewsUITestsLaunchTests.swift */,
			);
			path = "Aegis-NewViewsUITests";
			sourceTree = "<group>";
		};
		D5C495E327689CE1002DC90F /* AllViews */ = {
			isa = PBXGroup;
			children = (
				D5AE63D5278EF4FB005E4294 /* MainPage */,
				D5AE63D4278EF4DF005E4294 /* Auth */,
			);
			path = AllViews;
			sourceTree = "<group>";
		};
		D5C495E82768FC3F002DC90F /* Components */ = {
			isa = PBXGroup;
			children = (
				D5B1778D2796B1DE00FF9E93 /* Profile */,
				D5C0ADB427923088007AC1EE /* MainPage */,
				D5C0ADB32792307C007AC1EE /* Auth */,
			);
			path = Components;
			sourceTree = "<group>";
		};
/* End PBXGroup section */

/* Begin PBXNativeTarget section */
		D5C495B027689C87002DC90F /* Aegis-NewViews */ = {
			isa = PBXNativeTarget;
			buildConfigurationList = D5C495DA27689C89002DC90F /* Build configuration list for PBXNativeTarget "Aegis-NewViews" */;
			buildPhases = (
				D5C495AD27689C87002DC90F /* Sources */,
				D5C495AE27689C87002DC90F /* Frameworks */,
				D5C495AF27689C87002DC90F /* Resources */,
			);
			buildRules = (
			);
			dependencies = (
			);
			name = "Aegis-NewViews";
			productName = "Aegis-NewViews";
			productReference = D5C495B127689C87002DC90F /* Aegis-NewViews.app */;
			productType = "com.apple.product-type.application";
		};
		D5C495C527689C89002DC90F /* Aegis-NewViewsTests */ = {
			isa = PBXNativeTarget;
			buildConfigurationList = D5C495DD27689C89002DC90F /* Build configuration list for PBXNativeTarget "Aegis-NewViewsTests" */;
			buildPhases = (
				D5C495C227689C89002DC90F /* Sources */,
				D5C495C327689C89002DC90F /* Frameworks */,
				D5C495C427689C89002DC90F /* Resources */,
			);
			buildRules = (
			);
			dependencies = (
				D5C495C827689C89002DC90F /* PBXTargetDependency */,
			);
			name = "Aegis-NewViewsTests";
			productName = "Aegis-NewViewsTests";
			productReference = D5C495C627689C89002DC90F /* Aegis-NewViewsTests.xctest */;
			productType = "com.apple.product-type.bundle.unit-test";
		};
		D5C495CF27689C89002DC90F /* Aegis-NewViewsUITests */ = {
			isa = PBXNativeTarget;
			buildConfigurationList = D5C495E027689C89002DC90F /* Build configuration list for PBXNativeTarget "Aegis-NewViewsUITests" */;
			buildPhases = (
				D5C495CC27689C89002DC90F /* Sources */,
				D5C495CD27689C89002DC90F /* Frameworks */,
				D5C495CE27689C89002DC90F /* Resources */,
			);
			buildRules = (
			);
			dependencies = (
				D5C495D227689C89002DC90F /* PBXTargetDependency */,
			);
			name = "Aegis-NewViewsUITests";
			productName = "Aegis-NewViewsUITests";
			productReference = D5C495D027689C89002DC90F /* Aegis-NewViewsUITests.xctest */;
			productType = "com.apple.product-type.bundle.ui-testing";
		};
/* End PBXNativeTarget section */

/* Begin PBXProject section */
		D5C495A927689C87002DC90F /* Project object */ = {
			isa = PBXProject;
			attributes = {
				BuildIndependentTargetsInParallel = 1;
				LastSwiftUpdateCheck = 1310;
				LastUpgradeCheck = 1310;
				TargetAttributes = {
					D5C495B027689C87002DC90F = {
						CreatedOnToolsVersion = 13.1;
					};
					D5C495C527689C89002DC90F = {
						CreatedOnToolsVersion = 13.1;
						TestTargetID = D5C495B027689C87002DC90F;
					};
					D5C495CF27689C89002DC90F = {
						CreatedOnToolsVersion = 13.1;
						TestTargetID = D5C495B027689C87002DC90F;
					};
				};
			};
			buildConfigurationList = D5C495AC27689C87002DC90F /* Build configuration list for PBXProject "Aegis-NewViews" */;
			compatibilityVersion = "Xcode 13.0";
			developmentRegion = en;
			hasScannedForEncodings = 0;
			knownRegions = (
				en,
				Base,
			);
			mainGroup = D5C495A827689C87002DC90F;
			productRefGroup = D5C495B227689C87002DC90F /* Products */;
			projectDirPath = "";
			projectRoot = "";
			targets = (
				D5C495B027689C87002DC90F /* Aegis-NewViews */,
				D5C495C527689C89002DC90F /* Aegis-NewViewsTests */,
				D5C495CF27689C89002DC90F /* Aegis-NewViewsUITests */,
			);
		};
/* End PBXProject section */

/* Begin PBXResourcesBuildPhase section */
		D5C495AF27689C87002DC90F /* Resources */ = {
			isa = PBXResourcesBuildPhase;
			buildActionMask = 2147483647;
			files = (
				D5C0ADA627907A8A007AC1EE /* Plan_Route in Resources */,
				D5C495BC27689C89002DC90F /* Preview Assets.xcassets in Resources */,
				D5E02C722795E46E00E19402 /* poppins-family in Resources */,
				D5C495B927689C89002DC90F /* Assets.xcassets in Resources */,
			);
			runOnlyForDeploymentPostprocessing = 0;
		};
		D5C495C427689C89002DC90F /* Resources */ = {
			isa = PBXResourcesBuildPhase;
			buildActionMask = 2147483647;
			files = (
			);
			runOnlyForDeploymentPostprocessing = 0;
		};
		D5C495CE27689C89002DC90F /* Resources */ = {
			isa = PBXResourcesBuildPhase;
			buildActionMask = 2147483647;
			files = (
			);
			runOnlyForDeploymentPostprocessing = 0;
		};
/* End PBXResourcesBuildPhase section */

/* Begin PBXSourcesBuildPhase section */
		D5C495AD27689C87002DC90F /* Sources */ = {
			isa = PBXSourcesBuildPhase;
			buildActionMask = 2147483647;
			files = (
				D5C495BE27689C89002DC90F /* Persistence.swift in Sources */,
				D5B177912796C9C700FF9E93 /* RideDetailsView.swift in Sources */,
				D5C008F52780F5AC00E74EA2 /* ConfirmEmailView.swift in Sources */,
				D5C495E527689D3F002DC90F /* SignUpEmailView.swift in Sources */,
				D5C008FB27858F9D00E74EA2 /* ResetPasswordView.swift in Sources */,
				D55A7AE32769E06200D06E03 /* LogoHeadlineView.swift in Sources */,
				D5B1778C2796B1C700FF9E93 /* ProfileIconView.swift in Sources */,
				D5C0ADAE27922AFF007AC1EE /* RidesData.swift in Sources */,
				D5C008FD2785E11400E74EA2 /* ForgotPasswordCodeView.swift in Sources */,
				D55A7AE52769E1D800D06E03 /* BottomTextView.swift in Sources */,
				D5C008F727847FB300E74EA2 /* SignInPasswordView.swift in Sources */,
				D5C0ADAA2791CAFA007AC1EE /* TabTopView.swift in Sources */,
				D5C495B727689C87002DC90F /* ContentView.swift in Sources */,
				D5C495B527689C87002DC90F /* Aegis_NewViewsApp.swift in Sources */,
				D5C0ADA82791BE1A007AC1EE /* CircleWithHelmetView.swift in Sources */,
				D5C0ADA4279030CA007AC1EE /* TabBarView.swift in Sources */,
				D5AE63DE278F5C8D005E4294 /* RidesView.swift in Sources */,
				D5C0ADB22792305C007AC1EE /* RidesCardView.swift in Sources */,
				D5AE63D7278EF52E005E4294 /* MainPageView.swift in Sources */,
				D5C008F9278499AA00E74EA2 /* ForgotPasswordView.swift in Sources */,
				D5C0ADB027922B29007AC1EE /* RidesModel.swift in Sources */,
				D55A7AE8276A01CE00D06E03 /* SignUpPasswordView.swift in Sources */,
				D5C495EA2768FC7A002DC90F /* TextFieldComponent.swift in Sources */,
				D5C495E72768ECF6002DC90F /* DividerView.swift in Sources */,
				D5E02C6527947D6E00E19402 /* SearchButtonView.swift in Sources */,
				D5C495C127689C89002DC90F /* Aegis_NewViews.xcdatamodeld in Sources */,
			);
			runOnlyForDeploymentPostprocessing = 0;
		};
		D5C495C227689C89002DC90F /* Sources */ = {
			isa = PBXSourcesBuildPhase;
			buildActionMask = 2147483647;
			files = (
				D5C495CB27689C89002DC90F /* Aegis_NewViewsTests.swift in Sources */,
			);
			runOnlyForDeploymentPostprocessing = 0;
		};
		D5C495CC27689C89002DC90F /* Sources */ = {
			isa = PBXSourcesBuildPhase;
			buildActionMask = 2147483647;
			files = (
				D5C495D727689C89002DC90F /* Aegis_NewViewsUITestsLaunchTests.swift in Sources */,
				D5C495D527689C89002DC90F /* Aegis_NewViewsUITests.swift in Sources */,
			);
			runOnlyForDeploymentPostprocessing = 0;
		};
/* End PBXSourcesBuildPhase section */

/* Begin PBXTargetDependency section */
		D5C495C827689C89002DC90F /* PBXTargetDependency */ = {
			isa = PBXTargetDependency;
			target = D5C495B027689C87002DC90F /* Aegis-NewViews */;
			targetProxy = D5C495C727689C89002DC90F /* PBXContainerItemProxy */;
		};
		D5C495D227689C89002DC90F /* PBXTargetDependency */ = {
			isa = PBXTargetDependency;
			target = D5C495B027689C87002DC90F /* Aegis-NewViews */;
			targetProxy = D5C495D127689C89002DC90F /* PBXContainerItemProxy */;
		};
/* End PBXTargetDependency section */

/* Begin XCBuildConfiguration section */
		D5C495D827689C89002DC90F /* Debug */ = {
			isa = XCBuildConfiguration;
			buildSettings = {
				ALWAYS_SEARCH_USER_PATHS = NO;
				CLANG_ANALYZER_NONNULL = YES;
				CLANG_ANALYZER_NUMBER_OBJECT_CONVERSION = YES_AGGRESSIVE;
				CLANG_CXX_LANGUAGE_STANDARD = "gnu++17";
				CLANG_CXX_LIBRARY = "libc++";
				CLANG_ENABLE_MODULES = YES;
				CLANG_ENABLE_OBJC_ARC = YES;
				CLANG_ENABLE_OBJC_WEAK = YES;
				CLANG_WARN_BLOCK_CAPTURE_AUTORELEASING = YES;
				CLANG_WARN_BOOL_CONVERSION = YES;
				CLANG_WARN_COMMA = YES;
				CLANG_WARN_CONSTANT_CONVERSION = YES;
				CLANG_WARN_DEPRECATED_OBJC_IMPLEMENTATIONS = YES;
				CLANG_WARN_DIRECT_OBJC_ISA_USAGE = YES_ERROR;
				CLANG_WARN_DOCUMENTATION_COMMENTS = YES;
				CLANG_WARN_EMPTY_BODY = YES;
				CLANG_WARN_ENUM_CONVERSION = YES;
				CLANG_WARN_INFINITE_RECURSION = YES;
				CLANG_WARN_INT_CONVERSION = YES;
				CLANG_WARN_NON_LITERAL_NULL_CONVERSION = YES;
				CLANG_WARN_OBJC_IMPLICIT_RETAIN_SELF = YES;
				CLANG_WARN_OBJC_LITERAL_CONVERSION = YES;
				CLANG_WARN_OBJC_ROOT_CLASS = YES_ERROR;
				CLANG_WARN_QUOTED_INCLUDE_IN_FRAMEWORK_HEADER = YES;
				CLANG_WARN_RANGE_LOOP_ANALYSIS = YES;
				CLANG_WARN_STRICT_PROTOTYPES = YES;
				CLANG_WARN_SUSPICIOUS_MOVE = YES;
				CLANG_WARN_UNGUARDED_AVAILABILITY = YES_AGGRESSIVE;
				CLANG_WARN_UNREACHABLE_CODE = YES;
				CLANG_WARN__DUPLICATE_METHOD_MATCH = YES;
				COPY_PHASE_STRIP = NO;
				DEBUG_INFORMATION_FORMAT = dwarf;
				ENABLE_STRICT_OBJC_MSGSEND = YES;
				ENABLE_TESTABILITY = YES;
				GCC_C_LANGUAGE_STANDARD = gnu11;
				GCC_DYNAMIC_NO_PIC = NO;
				GCC_NO_COMMON_BLOCKS = YES;
				GCC_OPTIMIZATION_LEVEL = 0;
				GCC_PREPROCESSOR_DEFINITIONS = (
					"DEBUG=1",
					"$(inherited)",
				);
				GCC_WARN_64_TO_32_BIT_CONVERSION = YES;
				GCC_WARN_ABOUT_RETURN_TYPE = YES_ERROR;
				GCC_WARN_UNDECLARED_SELECTOR = YES;
				GCC_WARN_UNINITIALIZED_AUTOS = YES_AGGRESSIVE;
				GCC_WARN_UNUSED_FUNCTION = YES;
				GCC_WARN_UNUSED_VARIABLE = YES;
				IPHONEOS_DEPLOYMENT_TARGET = 15.0;
				MTL_ENABLE_DEBUG_INFO = INCLUDE_SOURCE;
				MTL_FAST_MATH = YES;
				ONLY_ACTIVE_ARCH = YES;
				SDKROOT = iphoneos;
				SWIFT_ACTIVE_COMPILATION_CONDITIONS = DEBUG;
				SWIFT_OPTIMIZATION_LEVEL = "-Onone";
			};
			name = Debug;
		};
		D5C495D927689C89002DC90F /* Release */ = {
			isa = XCBuildConfiguration;
			buildSettings = {
				ALWAYS_SEARCH_USER_PATHS = NO;
				CLANG_ANALYZER_NONNULL = YES;
				CLANG_ANALYZER_NUMBER_OBJECT_CONVERSION = YES_AGGRESSIVE;
				CLANG_CXX_LANGUAGE_STANDARD = "gnu++17";
				CLANG_CXX_LIBRARY = "libc++";
				CLANG_ENABLE_MODULES = YES;
				CLANG_ENABLE_OBJC_ARC = YES;
				CLANG_ENABLE_OBJC_WEAK = YES;
				CLANG_WARN_BLOCK_CAPTURE_AUTORELEASING = YES;
				CLANG_WARN_BOOL_CONVERSION = YES;
				CLANG_WARN_COMMA = YES;
				CLANG_WARN_CONSTANT_CONVERSION = YES;
				CLANG_WARN_DEPRECATED_OBJC_IMPLEMENTATIONS = YES;
				CLANG_WARN_DIRECT_OBJC_ISA_USAGE = YES_ERROR;
				CLANG_WARN_DOCUMENTATION_COMMENTS = YES;
				CLANG_WARN_EMPTY_BODY = YES;
				CLANG_WARN_ENUM_CONVERSION = YES;
				CLANG_WARN_INFINITE_RECURSION = YES;
				CLANG_WARN_INT_CONVERSION = YES;
				CLANG_WARN_NON_LITERAL_NULL_CONVERSION = YES;
				CLANG_WARN_OBJC_IMPLICIT_RETAIN_SELF = YES;
				CLANG_WARN_OBJC_LITERAL_CONVERSION = YES;
				CLANG_WARN_OBJC_ROOT_CLASS = YES_ERROR;
				CLANG_WARN_QUOTED_INCLUDE_IN_FRAMEWORK_HEADER = YES;
				CLANG_WARN_RANGE_LOOP_ANALYSIS = YES;
				CLANG_WARN_STRICT_PROTOTYPES = YES;
				CLANG_WARN_SUSPICIOUS_MOVE = YES;
				CLANG_WARN_UNGUARDED_AVAILABILITY = YES_AGGRESSIVE;
				CLANG_WARN_UNREACHABLE_CODE = YES;
				CLANG_WARN__DUPLICATE_METHOD_MATCH = YES;
				COPY_PHASE_STRIP = NO;
				DEBUG_INFORMATION_FORMAT = "dwarf-with-dsym";
				ENABLE_NS_ASSERTIONS = NO;
				ENABLE_STRICT_OBJC_MSGSEND = YES;
				GCC_C_LANGUAGE_STANDARD = gnu11;
				GCC_NO_COMMON_BLOCKS = YES;
				GCC_WARN_64_TO_32_BIT_CONVERSION = YES;
				GCC_WARN_ABOUT_RETURN_TYPE = YES_ERROR;
				GCC_WARN_UNDECLARED_SELECTOR = YES;
				GCC_WARN_UNINITIALIZED_AUTOS = YES_AGGRESSIVE;
				GCC_WARN_UNUSED_FUNCTION = YES;
				GCC_WARN_UNUSED_VARIABLE = YES;
				IPHONEOS_DEPLOYMENT_TARGET = 15.0;
				MTL_ENABLE_DEBUG_INFO = NO;
				MTL_FAST_MATH = YES;
				SDKROOT = iphoneos;
				SWIFT_COMPILATION_MODE = wholemodule;
				SWIFT_OPTIMIZATION_LEVEL = "-O";
				VALIDATE_PRODUCT = YES;
			};
			name = Release;
		};
		D5C495DB27689C89002DC90F /* Debug */ = {
			isa = XCBuildConfiguration;
			buildSettings = {
				ASSETCATALOG_COMPILER_APPICON_NAME = AppIcon;
				ASSETCATALOG_COMPILER_GLOBAL_ACCENT_COLOR_NAME = AccentColor;
				ASSETCATALOG_COMPILER_INCLUDE_ALL_APPICON_ASSETS = YES;
				CODE_SIGN_STYLE = Automatic;
				CURRENT_PROJECT_VERSION = 1;
				DEVELOPMENT_ASSET_PATHS = "\"Aegis-NewViews/Preview Content\"";
				DEVELOPMENT_TEAM = 2PK549RRNR;
				ENABLE_PREVIEWS = YES;
				GENERATE_INFOPLIST_FILE = YES;
				INFOPLIST_FILE = "Aegis-NewViews/Info.plist";
				INFOPLIST_KEY_UIApplicationSceneManifest_Generation = YES;
				INFOPLIST_KEY_UIApplicationSupportsIndirectInputEvents = YES;
				INFOPLIST_KEY_UISupportedInterfaceOrientations = UIInterfaceOrientationPortrait;
				INFOPLIST_KEY_UISupportedInterfaceOrientations_iPad = "UIInterfaceOrientationPortrait UIInterfaceOrientationPortraitUpsideDown UIInterfaceOrientationLandscapeLeft UIInterfaceOrientationLandscapeRight";
				INFOPLIST_KEY_UISupportedInterfaceOrientations_iPhone = "UIInterfaceOrientationPortrait UIInterfaceOrientationLandscapeLeft UIInterfaceOrientationLandscapeRight";
				LD_RUNPATH_SEARCH_PATHS = (
					"$(inherited)",
					"@executable_path/Frameworks",
				);
				MARKETING_VERSION = 1.0;
				PRODUCT_BUNDLE_IDENTIFIER = "com.amalitech.Aegis-NewViews";
				PRODUCT_NAME = "$(TARGET_NAME)";
				SWIFT_EMIT_LOC_STRINGS = YES;
				SWIFT_VERSION = 5.0;
				TARGETED_DEVICE_FAMILY = 1;
			};
			name = Debug;
		};
		D5C495DC27689C89002DC90F /* Release */ = {
			isa = XCBuildConfiguration;
			buildSettings = {
				ASSETCATALOG_COMPILER_APPICON_NAME = AppIcon;
				ASSETCATALOG_COMPILER_GLOBAL_ACCENT_COLOR_NAME = AccentColor;
				ASSETCATALOG_COMPILER_INCLUDE_ALL_APPICON_ASSETS = YES;
				CODE_SIGN_STYLE = Automatic;
				CURRENT_PROJECT_VERSION = 1;
				DEVELOPMENT_ASSET_PATHS = "\"Aegis-NewViews/Preview Content\"";
				DEVELOPMENT_TEAM = 2PK549RRNR;
				ENABLE_PREVIEWS = YES;
				GENERATE_INFOPLIST_FILE = YES;
				INFOPLIST_FILE = "Aegis-NewViews/Info.plist";
				INFOPLIST_KEY_UIApplicationSceneManifest_Generation = YES;
				INFOPLIST_KEY_UIApplicationSupportsIndirectInputEvents = YES;
				INFOPLIST_KEY_UISupportedInterfaceOrientations = UIInterfaceOrientationPortrait;
				INFOPLIST_KEY_UISupportedInterfaceOrientations_iPad = "UIInterfaceOrientationPortrait UIInterfaceOrientationPortraitUpsideDown UIInterfaceOrientationLandscapeLeft UIInterfaceOrientationLandscapeRight";
				INFOPLIST_KEY_UISupportedInterfaceOrientations_iPhone = "UIInterfaceOrientationPortrait UIInterfaceOrientationLandscapeLeft UIInterfaceOrientationLandscapeRight";
				LD_RUNPATH_SEARCH_PATHS = (
					"$(inherited)",
					"@executable_path/Frameworks",
				);
				MARKETING_VERSION = 1.0;
				PRODUCT_BUNDLE_IDENTIFIER = "com.amalitech.Aegis-NewViews";
				PRODUCT_NAME = "$(TARGET_NAME)";
				SWIFT_EMIT_LOC_STRINGS = YES;
				SWIFT_VERSION = 5.0;
				TARGETED_DEVICE_FAMILY = 1;
			};
			name = Release;
		};
		D5C495DE27689C89002DC90F /* Debug */ = {
			isa = XCBuildConfiguration;
			buildSettings = {
				ALWAYS_EMBED_SWIFT_STANDARD_LIBRARIES = YES;
				BUNDLE_LOADER = "$(TEST_HOST)";
				CODE_SIGN_STYLE = Automatic;
				CURRENT_PROJECT_VERSION = 1;
				DEVELOPMENT_TEAM = 2PK549RRNR;
				GENERATE_INFOPLIST_FILE = YES;
				IPHONEOS_DEPLOYMENT_TARGET = 15.0;
				LD_RUNPATH_SEARCH_PATHS = (
					"$(inherited)",
					"@executable_path/Frameworks",
					"@loader_path/Frameworks",
				);
				MARKETING_VERSION = 1.0;
				PRODUCT_BUNDLE_IDENTIFIER = "com.amalitech.Aegis-NewViewsTests";
				PRODUCT_NAME = "$(TARGET_NAME)";
				SWIFT_EMIT_LOC_STRINGS = NO;
				SWIFT_VERSION = 5.0;
				TARGETED_DEVICE_FAMILY = "1,2";
				TEST_HOST = "$(BUILT_PRODUCTS_DIR)/Aegis-NewViews.app/Aegis-NewViews";
			};
			name = Debug;
		};
		D5C495DF27689C89002DC90F /* Release */ = {
			isa = XCBuildConfiguration;
			buildSettings = {
				ALWAYS_EMBED_SWIFT_STANDARD_LIBRARIES = YES;
				BUNDLE_LOADER = "$(TEST_HOST)";
				CODE_SIGN_STYLE = Automatic;
				CURRENT_PROJECT_VERSION = 1;
				DEVELOPMENT_TEAM = 2PK549RRNR;
				GENERATE_INFOPLIST_FILE = YES;
				IPHONEOS_DEPLOYMENT_TARGET = 15.0;
				LD_RUNPATH_SEARCH_PATHS = (
					"$(inherited)",
					"@executable_path/Frameworks",
					"@loader_path/Frameworks",
				);
				MARKETING_VERSION = 1.0;
				PRODUCT_BUNDLE_IDENTIFIER = "com.amalitech.Aegis-NewViewsTests";
				PRODUCT_NAME = "$(TARGET_NAME)";
				SWIFT_EMIT_LOC_STRINGS = NO;
				SWIFT_VERSION = 5.0;
				TARGETED_DEVICE_FAMILY = "1,2";
				TEST_HOST = "$(BUILT_PRODUCTS_DIR)/Aegis-NewViews.app/Aegis-NewViews";
			};
			name = Release;
		};
		D5C495E127689C89002DC90F /* Debug */ = {
			isa = XCBuildConfiguration;
			buildSettings = {
				ALWAYS_EMBED_SWIFT_STANDARD_LIBRARIES = YES;
				CODE_SIGN_STYLE = Automatic;
				CURRENT_PROJECT_VERSION = 1;
				DEVELOPMENT_TEAM = 2PK549RRNR;
				GENERATE_INFOPLIST_FILE = YES;
				LD_RUNPATH_SEARCH_PATHS = (
					"$(inherited)",
					"@executable_path/Frameworks",
					"@loader_path/Frameworks",
				);
				MARKETING_VERSION = 1.0;
				PRODUCT_BUNDLE_IDENTIFIER = "com.amalitech.Aegis-NewViewsUITests";
				PRODUCT_NAME = "$(TARGET_NAME)";
				SWIFT_EMIT_LOC_STRINGS = NO;
				SWIFT_VERSION = 5.0;
				TARGETED_DEVICE_FAMILY = "1,2";
				TEST_TARGET_NAME = "Aegis-NewViews";
			};
			name = Debug;
		};
		D5C495E227689C89002DC90F /* Release */ = {
			isa = XCBuildConfiguration;
			buildSettings = {
				ALWAYS_EMBED_SWIFT_STANDARD_LIBRARIES = YES;
				CODE_SIGN_STYLE = Automatic;
				CURRENT_PROJECT_VERSION = 1;
				DEVELOPMENT_TEAM = 2PK549RRNR;
				GENERATE_INFOPLIST_FILE = YES;
				LD_RUNPATH_SEARCH_PATHS = (
					"$(inherited)",
					"@executable_path/Frameworks",
					"@loader_path/Frameworks",
				);
				MARKETING_VERSION = 1.0;
				PRODUCT_BUNDLE_IDENTIFIER = "com.amalitech.Aegis-NewViewsUITests";
				PRODUCT_NAME = "$(TARGET_NAME)";
				SWIFT_EMIT_LOC_STRINGS = NO;
				SWIFT_VERSION = 5.0;
				TARGETED_DEVICE_FAMILY = "1,2";
				TEST_TARGET_NAME = "Aegis-NewViews";
			};
			name = Release;
		};
/* End XCBuildConfiguration section */

/* Begin XCConfigurationList section */
		D5C495AC27689C87002DC90F /* Build configuration list for PBXProject "Aegis-NewViews" */ = {
			isa = XCConfigurationList;
			buildConfigurations = (
				D5C495D827689C89002DC90F /* Debug */,
				D5C495D927689C89002DC90F /* Release */,
			);
			defaultConfigurationIsVisible = 0;
			defaultConfigurationName = Release;
		};
		D5C495DA27689C89002DC90F /* Build configuration list for PBXNativeTarget "Aegis-NewViews" */ = {
			isa = XCConfigurationList;
			buildConfigurations = (
				D5C495DB27689C89002DC90F /* Debug */,
				D5C495DC27689C89002DC90F /* Release */,
			);
			defaultConfigurationIsVisible = 0;
			defaultConfigurationName = Release;
		};
		D5C495DD27689C89002DC90F /* Build configuration list for PBXNativeTarget "Aegis-NewViewsTests" */ = {
			isa = XCConfigurationList;
			buildConfigurations = (
				D5C495DE27689C89002DC90F /* Debug */,
				D5C495DF27689C89002DC90F /* Release */,
			);
			defaultConfigurationIsVisible = 0;
			defaultConfigurationName = Release;
		};
		D5C495E027689C89002DC90F /* Build configuration list for PBXNativeTarget "Aegis-NewViewsUITests" */ = {
			isa = XCConfigurationList;
			buildConfigurations = (
				D5C495E127689C89002DC90F /* Debug */,
				D5C495E227689C89002DC90F /* Release */,
			);
			defaultConfigurationIsVisible = 0;
			defaultConfigurationName = Release;
		};
/* End XCConfigurationList section */

/* Begin XCVersionGroup section */
		D5C495BF27689C89002DC90F /* Aegis_NewViews.xcdatamodeld */ = {
			isa = XCVersionGroup;
			children = (
				D5C495C027689C89002DC90F /* Aegis_NewViews.xcdatamodel */,
			);
			currentVersion = D5C495C027689C89002DC90F /* Aegis_NewViews.xcdatamodel */;
			path = Aegis_NewViews.xcdatamodeld;
			sourceTree = "<group>";
			versionGroupType = wrapper.xcdatamodel;
		};
/* End XCVersionGroup section */
	};
	rootObject = D5C495A927689C87002DC90F /* Project object */;
}
